// !$*UTF8*$!
{
	archiveVersion = 1;
	classes = {
	};
	objectVersion = 50;
	objects = {

/* Begin PBXBuildFile section */
		8A9B711D22450E5C00ACE667 /* AppDelegate.swift in Sources */ = {isa = PBXBuildFile; fileRef = 8A9B711C22450E5C00ACE667 /* AppDelegate.swift */; };
		8A9B711F22450E5C00ACE667 /* ViewController.swift in Sources */ = {isa = PBXBuildFile; fileRef = 8A9B711E22450E5C00ACE667 /* ViewController.swift */; };
		8A9B712222450E5C00ACE667 /* Main.storyboard in Resources */ = {isa = PBXBuildFile; fileRef = 8A9B712022450E5C00ACE667 /* Main.storyboard */; };
		8A9B712522450E5C00ACE667 /* ElementaryMath.xcdatamodeld in Sources */ = {isa = PBXBuildFile; fileRef = 8A9B712322450E5C00ACE667 /* ElementaryMath.xcdatamodeld */; };
		8A9B712722450E5D00ACE667 /* Assets.xcassets in Resources */ = {isa = PBXBuildFile; fileRef = 8A9B712622450E5D00ACE667 /* Assets.xcassets */; };
		8A9B712A22450E5D00ACE667 /* LaunchScreen.storyboard in Resources */ = {isa = PBXBuildFile; fileRef = 8A9B712822450E5D00ACE667 /* LaunchScreen.storyboard */; };
/* End PBXBuildFile section */

/* Begin PBXFileReference section */
		8A9B711922450E5C00ACE667 /* ElementaryMath.app */ = {isa = PBXFileReference; explicitFileType = wrapper.application; includeInIndex = 0; path = ElementaryMath.app; sourceTree = BUILT_PRODUCTS_DIR; };
		8A9B711C22450E5C00ACE667 /* AppDelegate.swift */ = {isa = PBXFileReference; lastKnownFileType = sourcecode.swift; path = AppDelegate.swift; sourceTree = "<group>"; };
		8A9B711E22450E5C00ACE667 /* ViewController.swift */ = {isa = PBXFileReference; lastKnownFileType = sourcecode.swift; path = ViewController.swift; sourceTree = "<group>"; };
		8A9B712122450E5C00ACE667 /* Base */ = {isa = PBXFileReference; lastKnownFileType = file.storyboard; name = Base; path = Base.lproj/Main.storyboard; sourceTree = "<group>"; };
		8A9B712422450E5C00ACE667 /* ElementaryMath.xcdatamodel */ = {isa = PBXFileReference; lastKnownFileType = wrapper.xcdatamodel; path = ElementaryMath.xcdatamodel; sourceTree = "<group>"; };
		8A9B712622450E5D00ACE667 /* Assets.xcassets */ = {isa = PBXFileReference; lastKnownFileType = folder.assetcatalog; path = Assets.xcassets; sourceTree = "<group>"; };
		8A9B712922450E5D00ACE667 /* Base */ = {isa = PBXFileReference; lastKnownFileType = file.storyboard; name = Base; path = Base.lproj/LaunchScreen.storyboard; sourceTree = "<group>"; };
		8A9B712B22450E5D00ACE667 /* Info.plist */ = {isa = PBXFileReference; lastKnownFileType = text.plist.xml; path = Info.plist; sourceTree = "<group>"; };
/* End PBXFileReference section */

/* Begin PBXFrameworksBuildPhase section */
		8A9B711622450E5C00ACE667 /* Frameworks */ = {
			isa = PBXFrameworksBuildPhase;
			buildActionMask = 2147483647;
			files = (
			);
			runOnlyForDeploymentPostprocessing = 0;
		};
/* End PBXFrameworksBuildPhase section */

/* Begin PBXGroup section */
		8A9B711022450E5C00ACE667 = {
			isa = PBXGroup;
			children = (
				8A9B711B22450E5C00ACE667 /* ElementaryMath */,
				8A9B711A22450E5C00ACE667 /* Products */,
			);
			sourceTree = "<group>";
		};
		8A9B711A22450E5C00ACE667 /* Products */ = {
			isa = PBXGroup;
			children = (
				8A9B711922450E5C00ACE667 /* ElementaryMath.app */,
			);
			name = Products;
			sourceTree = "<group>";
		};
		8A9B711B22450E5C00ACE667 /* ElementaryMath */ = {
			isa = PBXGroup;
			children = (
				8A9B711C22450E5C00ACE667 /* AppDelegate.swift */,
				8A9B711E22450E5C00ACE667 /* ViewController.swift */,
				8A9B712022450E5C00ACE667 /* Main.storyboard */,
				8A9B712622450E5D00ACE667 /* Assets.xcassets */,
				8A9B712822450E5D00ACE667 /* LaunchScreen.storyboard */,
				8A9B712B22450E5D00ACE667 /* Info.plist */,
				8A9B712322450E5C00ACE667 /* ElementaryMath.xcdatamodeld */,
			);
			path = ElementaryMath;
			sourceTree = "<group>";
		};
/* End PBXGroup section */

/* Begin PBXNativeTarget section */
		8A9B711822450E5C00ACE667 /* ElementaryMath */ = {
			isa = PBXNativeTarget;
			buildConfigurationList = 8A9B712E22450E5D00ACE667 /* Build configuration list for PBXNativeTarget "ElementaryMath" */;
			buildPhases = (
				8A9B711522450E5C00ACE667 /* Sources */,
				8A9B711622450E5C00ACE667 /* Frameworks */,
				8A9B711722450E5C00ACE667 /* Resources */,
			);
			buildRules = (
			);
			dependencies = (
			);
			name = ElementaryMath;
			productName = ElementaryMath;
			productReference = 8A9B711922450E5C00ACE667 /* ElementaryMath.app */;
			productType = "com.apple.product-type.application";
		};
/* End PBXNativeTarget section */

/* Begin PBXProject section */
		8A9B711122450E5C00ACE667 /* Project object */ = {
			isa = PBXProject;
			attributes = {
				LastSwiftUpdateCheck = 1010;
				LastUpgradeCheck = 1010;
				ORGANIZATIONNAME = "Maxim Spiridonov";
				TargetAttributes = {
					8A9B711822450E5C00ACE667 = {
						CreatedOnToolsVersion = 10.1;
					};
				};
			};
			buildConfigurationList = 8A9B711422450E5C00ACE667 /* Build configuration list for PBXProject "ElementaryMath" */;
			compatibilityVersion = "Xcode 9.3";
			developmentRegion = en;
			hasScannedForEncodings = 0;
			knownRegions = (
				en,
				Base,
			);
			mainGroup = 8A9B711022450E5C00ACE667;
			productRefGroup = 8A9B711A22450E5C00ACE667 /* Products */;
			projectDirPath = "";
			projectRoot = "";
			targets = (
				8A9B711822450E5C00ACE667 /* ElementaryMath */,
			);
		};
/* End PBXProject section */

/* Begin PBXResourcesBuildPhase section */
		8A9B711722450E5C00ACE667 /* Resources */ = {
			isa = PBXResourcesBuildPhase;
			buildActionMask = 2147483647;
			files = (
				8A9B712A22450E5D00ACE667 /* LaunchScreen.storyboard in Resources */,
				8A9B712722450E5D00ACE667 /* Assets.xcassets in Resources */,
				8A9B712222450E5C00ACE667 /* Main.storyboard in Resources */,
			);
			runOnlyForDeploymentPostprocessing = 0;
		};
/* End PBXResourcesBuildPhase section */

/* Begin PBXSourcesBuildPhase section */
		8A9B711522450E5C00ACE667 /* Sources */ = {
			isa = PBXSourcesBuildPhase;
			buildActionMask = 2147483647;
			files = (
				8A9B711F22450E5C00ACE667 /* ViewController.swift in Sources */,
				8A9B712522450E5C00ACE667 /* ElementaryMath.xcdatamodeld in Sources */,
				8A9B711D22450E5C00ACE667 /* AppDelegate.swift in Sources */,
			);
			runOnlyForDeploymentPostprocessing = 0;
		};
/* End PBXSourcesBuildPhase section */

/* Begin PBXVariantGroup section */
		8A9B712022450E5C00ACE667 /* Main.storyboard */ = {
			isa = PBXVariantGroup;
			children = (
				8A9B712122450E5C00ACE667 /* Base */,
			);
			name = Main.storyboard;
			sourceTree = "<group>";
		};
		8A9B712822450E5D00ACE667 /* LaunchScreen.storyboard */ = {
			isa = PBXVariantGroup;
			children = (
				8A9B712922450E5D00ACE667 /* Base */,
			);
			name = LaunchScreen.storyboard;
			sourceTree = "<group>";
		};
/* End PBXVariantGroup section */

/* Begin XCBuildConfiguration section */
		8A9B712C22450E5D00ACE667 /* Debug */ = {
			isa = XCBuildConfiguration;
			buildSettings = {
				ALWAYS_SEARCH_USER_PATHS = NO;
				CLANG_ANALYZER_NONNULL = YES;
				CLANG_ANALYZER_NUMBER_OBJECT_CONVERSION = YES_AGGRESSIVE;
				CLANG_CXX_LANGUAGE_STANDARD = "gnu++14";
				CLANG_CXX_LIBRARY = "libc++";
				CLANG_ENABLE_MODULES = YES;
				CLANG_ENABLE_OBJC_ARC = YES;
				CLANG_ENABLE_OBJC_WEAK = YES;
				CLANG_WARN_BLOCK_CAPTURE_AUTORELEASING = YES;
				CLANG_WARN_BOOL_CONVERSION = YES;
				CLANG_WARN_COMMA = YES;
				CLANG_WARN_CONSTANT_CONVERSION = YES;
				CLANG_WARN_DEPRECATED_OBJC_IMPLEMENTATIONS = YES;
				CLANG_WARN_DIRECT_OBJC_ISA_USAGE = YES_ERROR;
				CLANG_WARN_DOCUMENTATION_COMMENTS = YES;
				CLANG_WARN_EMPTY_BODY = YES;
				CLANG_WARN_ENUM_CONVERSION = YES;
				CLANG_WARN_INFINITE_RECURSION = YES;
				CLANG_WARN_INT_CONVERSION = YES;
				CLANG_WARN_NON_LITERAL_NULL_CONVERSION = YES;
				CLANG_WARN_OBJC_IMPLICIT_RETAIN_SELF = YES;
				CLANG_WARN_OBJC_LITERAL_CONVERSION = YES;
				CLANG_WARN_OBJC_ROOT_CLASS = YES_ERROR;
				CLANG_WARN_RANGE_LOOP_ANALYSIS = YES;
				CLANG_WARN_STRICT_PROTOTYPES = YES;
				CLANG_WARN_SUSPICIOUS_MOVE = YES;
				CLANG_WARN_UNGUARDED_AVAILABILITY = YES_AGGRESSIVE;
				CLANG_WARN_UNREACHABLE_CODE = YES;
				CLANG_WARN__DUPLICATE_METHOD_MATCH = YES;
				CODE_SIGN_IDENTITY = "iPhone Developer";
				COPY_PHASE_STRIP = NO;
				DEBUG_INFORMATION_FORMAT = dwarf;
				ENABLE_STRICT_OBJC_MSGSEND = YES;
				ENABLE_TESTABILITY = YES;
				GCC_C_LANGUAGE_STANDARD = gnu11;
				GCC_DYNAMIC_NO_PIC = NO;
				GCC_NO_COMMON_BLOCKS = YES;
				GCC_OPTIMIZATION_LEVEL = 0;
				GCC_PREPROCESSOR_DEFINITIONS = (
					"DEBUG=1",
					"$(inherited)",
				);
				GCC_WARN_64_TO_32_BIT_CONVERSION = YES;
				GCC_WARN_ABOUT_RETURN_TYPE = YES_ERROR;
				GCC_WARN_UNDECLARED_SELECTOR = YES;
				GCC_WARN_UNINITIALIZED_AUTOS = YES_AGGRESSIVE;
				GCC_WARN_UNUSED_FUNCTION = YES;
				GCC_WARN_UNUSED_VARIABLE = YES;
				IPHONEOS_DEPLOYMENT_TARGET = 12.1;
				MTL_ENABLE_DEBUG_INFO = INCLUDE_SOURCE;
				MTL_FAST_MATH = YES;
				ONLY_ACTIVE_ARCH = YES;
				SDKROOT = iphoneos;
				SWIFT_ACTIVE_COMPILATION_CONDITIONS = DEBUG;
				SWIFT_OPTIMIZATION_LEVEL = "-Onone";
			};
			name = Debug;
		};
		8A9B712D22450E5D00ACE667 /* Release */ = {
			isa = XCBuildConfiguration;
			buildSettings = {
				ALWAYS_SEARCH_USER_PATHS = NO;
				CLANG_ANALYZER_NONNULL = YES;
				CLANG_ANALYZER_NUMBER_OBJECT_CONVERSION = YES_AGGRESSIVE;
				CLANG_CXX_LANGUAGE_STANDARD = "gnu++14";
				CLANG_CXX_LIBRARY = "libc++";
				CLANG_ENABLE_MODULES = YES;
				CLANG_ENABLE_OBJC_ARC = YES;
				CLANG_ENABLE_OBJC_WEAK = YES;
				CLANG_WARN_BLOCK_CAPTURE_AUTORELEASING = YES;
				CLANG_WARN_BOOL_CONVERSION = YES;
				CLANG_WARN_COMMA = YES;
				CLANG_WARN_CONSTANT_CONVERSION = YES;
				CLANG_WARN_DEPRECATED_OBJC_IMPLEMENTATIONS = YES;
				CLANG_WARN_DIRECT_OBJC_ISA_USAGE = YES_ERROR;
				CLANG_WARN_DOCUMENTATION_COMMENTS = YES;
				CLANG_WARN_EMPTY_BODY = YES;
				CLANG_WARN_ENUM_CONVERSION = YES;
				CLANG_WARN_INFINITE_RECURSION = YES;
				CLANG_WARN_INT_CONVERSION = YES;
				CLANG_WARN_NON_LITERAL_NULL_CONVERSION = YES;
				CLANG_WARN_OBJC_IMPLICIT_RETAIN_SELF = YES;
				CLANG_WARN_OBJC_LITERAL_CONVERSION = YES;
				CLANG_WARN_OBJC_ROOT_CLASS = YES_ERROR;
				CLANG_WARN_RANGE_LOOP_ANALYSIS = YES;
				CLANG_WARN_STRICT_PROTOTYPES = YES;
				CLANG_WARN_SUSPICIOUS_MOVE = YES;
				CLANG_WARN_UNGUARDED_AVAILABILITY = YES_AGGRESSIVE;
				CLANG_WARN_UNREACHABLE_CODE = YES;
				CLANG_WARN__DUPLICATE_METHOD_MATCH = YES;
				CODE_SIGN_IDENTITY = "iPhone Developer";
				COPY_PHASE_STRIP = NO;
				DEBUG_INFORMATION_FORMAT = "dwarf-with-dsym";
				ENABLE_NS_ASSERTIONS = NO;
				ENABLE_STRICT_OBJC_MSGSEND = YES;
				GCC_C_LANGUAGE_STANDARD = gnu11;
				GCC_NO_COMMON_BLOCKS = YES;
				GCC_WARN_64_TO_32_BIT_CONVERSION = YES;
				GCC_WARN_ABOUT_RETURN_TYPE = YES_ERROR;
				GCC_WARN_UNDECLARED_SELECTOR = YES;
				GCC_WARN_UNINITIALIZED_AUTOS = YES_AGGRESSIVE;
				GCC_WARN_UNUSED_FUNCTION = YES;
				GCC_WARN_UNUSED_VARIABLE = YES;
				IPHONEOS_DEPLOYMENT_TARGET = 12.1;
				MTL_ENABLE_DEBUG_INFO = NO;
				MTL_FAST_MATH = YES;
				SDKROOT = iphoneos;
				SWIFT_COMPILATION_MODE = wholemodule;
				SWIFT_OPTIMIZATION_LEVEL = "-O";
				VALIDATE_PRODUCT = YES;
			};
			name = Release;
		};
		8A9B712F22450E5D00ACE667 /* Debug */ = {
			isa = XCBuildConfiguration;
			buildSettings = {
				ASSETCATALOG_COMPILER_APPICON_NAME = AppIcon;
				CODE_SIGN_STYLE = Automatic;
				INFOPLIST_FILE = ElementaryMath/Info.plist;
				LD_RUNPATH_SEARCH_PATHS = (
					"$(inherited)",
					"@executable_path/Frameworks",
				);
				PRODUCT_BUNDLE_IDENTIFIER = com.taijased.ElementaryMath;
				PRODUCT_NAME = "$(TARGET_NAME)";
				SWIFT_VERSION = 4.2;
				TARGETED_DEVICE_FAMILY = "1,2";
			};
			name = Debug;
		};
		8A9B713022450E5D00ACE667 /* Release */ = {
			isa = XCBuildConfiguration;
			buildSettings = {
				ASSETCATALOG_COMPILER_APPICON_NAME = AppIcon;
				CODE_SIGN_STYLE = Automatic;
				INFOPLIST_FILE = ElementaryMath/Info.plist;
				LD_RUNPATH_SEARCH_PATHS = (
					"$(inherited)",
					"@executable_path/Frameworks",
				);
				PRODUCT_BUNDLE_IDENTIFIER = com.taijased.ElementaryMath;
				PRODUCT_NAME = "$(TARGET_NAME)";
				SWIFT_VERSION = 4.2;
				TARGETED_DEVICE_FAMILY = "1,2";
			};
			name = Release;
		};
/* End XCBuildConfiguration section */

/* Begin XCConfigurationList section */
		8A9B711422450E5C00ACE667 /* Build configuration list for PBXProject "ElementaryMath" */ = {
			isa = XCConfigurationList;
			buildConfigurations = (
				8A9B712C22450E5D00ACE667 /* Debug */,
				8A9B712D22450E5D00ACE667 /* Release */,
			);
			defaultConfigurationIsVisible = 0;
			defaultConfigurationName = Release;
		};
		8A9B712E22450E5D00ACE667 /* Build configuration list for PBXNativeTarget "ElementaryMath" */ = {
			isa = XCConfigurationList;
			buildConfigurations = (
				8A9B712F22450E5D00ACE667 /* Debug */,
				8A9B713022450E5D00ACE667 /* Release */,
			);
			defaultConfigurationIsVisible = 0;
			defaultConfigurationName = Release;
		};
/* End XCConfigurationList section */

/* Begin XCVersionGroup section */
		8A9B712322450E5C00ACE667 /* ElementaryMath.xcdatamodeld */ = {
			isa = XCVersionGroup;
			children = (
				8A9B712422450E5C00ACE667 /* ElementaryMath.xcdatamodel */,
			);
			currentVersion = 8A9B712422450E5C00ACE667 /* ElementaryMath.xcdatamodel */;
			path = ElementaryMath.xcdatamodeld;
			sourceTree = "<group>";
			versionGroupType = wrapper.xcdatamodel;
		};
/* End XCVersionGroup section */
	};
	rootObject = 8A9B711122450E5C00ACE667 /* Project object */;
}
